github.com/GolangToolKits/go-level-logger v1.0.0 h1:hETqhulsNdwk1y2lvFYBJAWC+CEwmyE92R22foKco6Y=
github.com/GolangToolKits/go-level-logger v1.0.0/go.mod h1:eIatPs21DKpquiClwXh6N86nLLL63lu3ucEds4dsWeo=
github.com/GolangToolKits/go-mysql v1.0.2 h1:AOG3seWo4FUtcP/d0RisoC94wYRLg5rKL4X4Sm3buzU=
github.com/GolangToolKits/go-mysql v1.0.2/go.mod h1:1diKsrmGcWhkWvhRaWqMREyxaIAPjm5UKoZpoQ47ezw=
github.com/GolangToolKits/go-mysql v1.0.3 h1:/SGHhOsWdxYjdA6/Phew0dqV1gIgbLazRQtdr5WmAWY=
github.com/GolangToolKits/go-mysql v1.0.3/go.mod h1:1diKsrmGcWhkWvhRaWqMREyxaIAPjm5UKoZpoQ47ezw=
github.com/go-sql-driver/mysql v1.7.0 h1:ueSltNNllEqE3qcWBTD0iQd3IpL/6U+mJxLkazJ7YPc=
github.com/go-sql-driver/mysql v1.7.0/go.mod h1:OXbVy3sEdcQ2Doequ6Z5BW6fXNQTmx+9S1MCJN5yJMI=
